// !$*UTF8*$!
{
	archiveVersion = 1;
	classes = {
	};
	objectVersion = 55;
	objects = {

/* Begin PBXBuildFile section */
		28A2970C291F5E860084B697 /* AppDelegate.swift in Sources */ = {isa = PBXBuildFile; fileRef = 28A2970B291F5E860084B697 /* AppDelegate.swift */; };
		28A2970E291F5E860084B697 /* SceneDelegate.swift in Sources */ = {isa = PBXBuildFile; fileRef = 28A2970D291F5E860084B697 /* SceneDelegate.swift */; };
		28A29715291F5E8C0084B697 /* Assets.xcassets in Resources */ = {isa = PBXBuildFile; fileRef = 28A29714291F5E8C0084B697 /* Assets.xcassets */; };
		28A29718291F5E8C0084B697 /* LaunchScreen.storyboard in Resources */ = {isa = PBXBuildFile; fileRef = 28A29716291F5E8C0084B697 /* LaunchScreen.storyboard */; };
		28A29720291F5EEB0084B697 /* TopStoriesTabController.swift in Sources */ = {isa = PBXBuildFile; fileRef = 28A2971F291F5EEA0084B697 /* TopStoriesTabController.swift */; };
		28A29724291F62A70084B697 /* NewsFeedViewController.swift in Sources */ = {isa = PBXBuildFile; fileRef = 28A29723291F62A70084B697 /* NewsFeedViewController.swift */; };
		28A29726291F62C10084B697 /* SavedArticleViewController.swift in Sources */ = {isa = PBXBuildFile; fileRef = 28A29725291F62C10084B697 /* SavedArticleViewController.swift */; };
		28A29728291F62D70084B697 /* SettingsViewController.swift in Sources */ = {isa = PBXBuildFile; fileRef = 28A29727291F62D70084B697 /* SettingsViewController.swift */; };
		28A2972B291F9F0B0084B697 /* NewsFeedView.swift in Sources */ = {isa = PBXBuildFile; fileRef = 28A2972A291F9F0B0084B697 /* NewsFeedView.swift */; };
		28A29733291FA6680084B697 /* NYTTopStoriesTests.swift in Sources */ = {isa = PBXBuildFile; fileRef = 28A29732291FA6680084B697 /* NYTTopStoriesTests.swift */; };
		28EED8BB291FD21D00B5A4BC /* TopStory.swift in Sources */ = {isa = PBXBuildFile; fileRef = 28EED8BA291FD21D00B5A4BC /* TopStory.swift */; };
		28EED8BD291FD7D500B5A4BC /* NYTTopStoryClient.swift in Sources */ = {isa = PBXBuildFile; fileRef = 28EED8BC291FD7D500B5A4BC /* NYTTopStoryClient.swift */; };
		28EED8C0291FD87800B5A4BC /* ImageKit in Frameworks */ = {isa = PBXBuildFile; productRef = 28EED8BF291FD87800B5A4BC /* ImageKit */; };
		28EED8C42920CCCA00B5A4BC /* Config.swift in Sources */ = {isa = PBXBuildFile; fileRef = 28EED8C32920CCCA00B5A4BC /* Config.swift */; };
		28EED8C62920D11A00B5A4BC /* NewsCell.swift in Sources */ = {isa = PBXBuildFile; fileRef = 28EED8C52920D11A00B5A4BC /* NewsCell.swift */; };
		28EED8C82920DD4C00B5A4BC /* ArticleDetailViewController.swift in Sources */ = {isa = PBXBuildFile; fileRef = 28EED8C72920DD4C00B5A4BC /* ArticleDetailViewController.swift */; };
		28EED8CA2920E0F200B5A4BC /* ArticleDetailView.swift in Sources */ = {isa = PBXBuildFile; fileRef = 28EED8C92920E0F200B5A4BC /* ArticleDetailView.swift */; };
		28EED8CC2920FB6500B5A4BC /* SavedArticlesView.swift in Sources */ = {isa = PBXBuildFile; fileRef = 28EED8CB2920FB6500B5A4BC /* SavedArticlesView.swift */; };
		28EED8CE2921073000B5A4BC /* EmptyView.swift in Sources */ = {isa = PBXBuildFile; fileRef = 28EED8CD2921072F00B5A4BC /* EmptyView.swift */; };
		28EED8D029210EFE00B5A4BC /* SavedArticleCell.swift in Sources */ = {isa = PBXBuildFile; fileRef = 28EED8CF29210EFE00B5A4BC /* SavedArticleCell.swift */; };
		28EED8D3292123CF00B5A4BC /* SettingsView.swift in Sources */ = {isa = PBXBuildFile; fileRef = 28EED8D2292123CF00B5A4BC /* SettingsView.swift */; };
		28EED8D52921C4A300B5A4BC /* ZoomImage.storyboard in Resources */ = {isa = PBXBuildFile; fileRef = 28EED8D42921C4A300B5A4BC /* ZoomImage.storyboard */; };
		28EED8D72921C4C400B5A4BC /* ZoomImageViewController.swift in Sources */ = {isa = PBXBuildFile; fileRef = 28EED8D62921C4C400B5A4BC /* ZoomImageViewController.swift */; };
/* End PBXBuildFile section */

/* Begin PBXContainerItemProxy section */
		28A29734291FA6680084B697 /* PBXContainerItemProxy */ = {
			isa = PBXContainerItemProxy;
			containerPortal = 28A29700291F5E860084B697 /* Project object */;
			proxyType = 1;
			remoteGlobalIDString = 28A29707291F5E860084B697;
			remoteInfo = NYTTopStories;
		};
/* End PBXContainerItemProxy section */

/* Begin PBXFileReference section */
		28A29708291F5E860084B697 /* NYTTopStories.app */ = {isa = PBXFileReference; explicitFileType = wrapper.application; includeInIndex = 0; path = NYTTopStories.app; sourceTree = BUILT_PRODUCTS_DIR; };
		28A2970B291F5E860084B697 /* AppDelegate.swift */ = {isa = PBXFileReference; lastKnownFileType = sourcecode.swift; path = AppDelegate.swift; sourceTree = "<group>"; };
		28A2970D291F5E860084B697 /* SceneDelegate.swift */ = {isa = PBXFileReference; lastKnownFileType = sourcecode.swift; path = SceneDelegate.swift; sourceTree = "<group>"; };
		28A29714291F5E8C0084B697 /* Assets.xcassets */ = {isa = PBXFileReference; lastKnownFileType = folder.assetcatalog; path = Assets.xcassets; sourceTree = "<group>"; };
		28A29717291F5E8C0084B697 /* Base */ = {isa = PBXFileReference; lastKnownFileType = file.storyboard; name = Base; path = Base.lproj/LaunchScreen.storyboard; sourceTree = "<group>"; };
		28A29719291F5E8C0084B697 /* Info.plist */ = {isa = PBXFileReference; lastKnownFileType = text.plist.xml; path = Info.plist; sourceTree = "<group>"; };
		28A2971F291F5EEA0084B697 /* TopStoriesTabController.swift */ = {isa = PBXFileReference; lastKnownFileType = sourcecode.swift; path = TopStoriesTabController.swift; sourceTree = "<group>"; };
		28A29723291F62A70084B697 /* NewsFeedViewController.swift */ = {isa = PBXFileReference; lastKnownFileType = sourcecode.swift; path = NewsFeedViewController.swift; sourceTree = "<group>"; };
		28A29725291F62C10084B697 /* SavedArticleViewController.swift */ = {isa = PBXFileReference; lastKnownFileType = sourcecode.swift; path = SavedArticleViewController.swift; sourceTree = "<group>"; };
		28A29727291F62D70084B697 /* SettingsViewController.swift */ = {isa = PBXFileReference; lastKnownFileType = sourcecode.swift; path = SettingsViewController.swift; sourceTree = "<group>"; };
		28A2972A291F9F0B0084B697 /* NewsFeedView.swift */ = {isa = PBXFileReference; lastKnownFileType = sourcecode.swift; path = NewsFeedView.swift; sourceTree = "<group>"; };
		28A29730291FA6680084B697 /* NYTTopStoriesTests.xctest */ = {isa = PBXFileReference; explicitFileType = wrapper.cfbundle; includeInIndex = 0; path = NYTTopStoriesTests.xctest; sourceTree = BUILT_PRODUCTS_DIR; };
		28A29732291FA6680084B697 /* NYTTopStoriesTests.swift */ = {isa = PBXFileReference; lastKnownFileType = sourcecode.swift; path = NYTTopStoriesTests.swift; sourceTree = "<group>"; };
		28EED8BA291FD21D00B5A4BC /* TopStory.swift */ = {isa = PBXFileReference; lastKnownFileType = sourcecode.swift; path = TopStory.swift; sourceTree = "<group>"; };
		28EED8BC291FD7D500B5A4BC /* NYTTopStoryClient.swift */ = {isa = PBXFileReference; lastKnownFileType = sourcecode.swift; path = NYTTopStoryClient.swift; sourceTree = "<group>"; };
		28EED8C32920CCCA00B5A4BC /* Config.swift */ = {isa = PBXFileReference; lastKnownFileType = sourcecode.swift; path = Config.swift; sourceTree = "<group>"; };
		28EED8C52920D11A00B5A4BC /* NewsCell.swift */ = {isa = PBXFileReference; lastKnownFileType = sourcecode.swift; path = NewsCell.swift; sourceTree = "<group>"; };
		28EED8C72920DD4C00B5A4BC /* ArticleDetailViewController.swift */ = {isa = PBXFileReference; lastKnownFileType = sourcecode.swift; path = ArticleDetailViewController.swift; sourceTree = "<group>"; };
		28EED8C92920E0F200B5A4BC /* ArticleDetailView.swift */ = {isa = PBXFileReference; lastKnownFileType = sourcecode.swift; path = ArticleDetailView.swift; sourceTree = "<group>"; };
		28EED8CB2920FB6500B5A4BC /* SavedArticlesView.swift */ = {isa = PBXFileReference; lastKnownFileType = sourcecode.swift; path = SavedArticlesView.swift; sourceTree = "<group>"; };
		28EED8CD2921072F00B5A4BC /* EmptyView.swift */ = {isa = PBXFileReference; lastKnownFileType = sourcecode.swift; path = EmptyView.swift; sourceTree = "<group>"; };
		28EED8CF29210EFE00B5A4BC /* SavedArticleCell.swift */ = {isa = PBXFileReference; lastKnownFileType = sourcecode.swift; path = SavedArticleCell.swift; sourceTree = "<group>"; };
		28EED8D2292123CF00B5A4BC /* SettingsView.swift */ = {isa = PBXFileReference; lastKnownFileType = sourcecode.swift; path = SettingsView.swift; sourceTree = "<group>"; };
		28EED8D42921C4A300B5A4BC /* ZoomImage.storyboard */ = {isa = PBXFileReference; lastKnownFileType = file.storyboard; path = ZoomImage.storyboard; sourceTree = "<group>"; };
		28EED8D62921C4C400B5A4BC /* ZoomImageViewController.swift */ = {isa = PBXFileReference; lastKnownFileType = sourcecode.swift; path = ZoomImageViewController.swift; sourceTree = "<group>"; };
/* End PBXFileReference section */

/* Begin PBXFrameworksBuildPhase section */
		28A29705291F5E860084B697 /* Frameworks */ = {
			isa = PBXFrameworksBuildPhase;
			buildActionMask = 2147483647;
			files = (
				28EED8C0291FD87800B5A4BC /* ImageKit in Frameworks */,
			);
			runOnlyForDeploymentPostprocessing = 0;
		};
		28A2972D291FA6670084B697 /* Frameworks */ = {
			isa = PBXFrameworksBuildPhase;
			buildActionMask = 2147483647;
			files = (
			);
			runOnlyForDeploymentPostprocessing = 0;
		};
/* End PBXFrameworksBuildPhase section */

/* Begin PBXGroup section */
		28A296FF291F5E860084B697 = {
			isa = PBXGroup;
			children = (
				28A2970A291F5E860084B697 /* NYTTopStories */,
				28A29731291FA6680084B697 /* NYTTopStoriesTests */,
				28A29709291F5E860084B697 /* Products */,
			);
			sourceTree = "<group>";
		};
		28A29709291F5E860084B697 /* Products */ = {
			isa = PBXGroup;
			children = (
				28A29708291F5E860084B697 /* NYTTopStories.app */,
				28A29730291FA6680084B697 /* NYTTopStoriesTests.xctest */,
			);
			name = Products;
			sourceTree = "<group>";
		};
		28A2970A291F5E860084B697 /* NYTTopStories */ = {
			isa = PBXGroup;
			children = (
				28EED8C22920C8BF00B5A4BC /* Model */,
				28EED8C12920C83700B5A4BC /* Network Services */,
				28A29729291F9EE60084B697 /* Views */,
				28A29722291F62760084B697 /* Controllers */,
				28A29721291F625B0084B697 /* Supporting Files */,
				28A29719291F5E8C0084B697 /* Info.plist */,
			);
			path = NYTTopStories;
			sourceTree = "<group>";
		};
		28A29721291F625B0084B697 /* Supporting Files */ = {
			isa = PBXGroup;
			children = (
				28A2970B291F5E860084B697 /* AppDelegate.swift */,
				28A2970D291F5E860084B697 /* SceneDelegate.swift */,
				28A29714291F5E8C0084B697 /* Assets.xcassets */,
				28A29716291F5E8C0084B697 /* LaunchScreen.storyboard */,
				28EED8D42921C4A300B5A4BC /* ZoomImage.storyboard */,
				28EED8C32920CCCA00B5A4BC /* Config.swift */,
			);
			path = "Supporting Files";
			sourceTree = "<group>";
		};
		28A29722291F62760084B697 /* Controllers */ = {
			isa = PBXGroup;
			children = (
				28A2971F291F5EEA0084B697 /* TopStoriesTabController.swift */,
				28A29723291F62A70084B697 /* NewsFeedViewController.swift */,
				28EED8C72920DD4C00B5A4BC /* ArticleDetailViewController.swift */,
				28A29725291F62C10084B697 /* SavedArticleViewController.swift */,
				28A29727291F62D70084B697 /* SettingsViewController.swift */,
				28EED8D62921C4C400B5A4BC /* ZoomImageViewController.swift */,
			);
			path = Controllers;
			sourceTree = "<group>";
		};
		28A29729291F9EE60084B697 /* Views */ = {
			isa = PBXGroup;
			children = (
				28A2972A291F9F0B0084B697 /* NewsFeedView.swift */,
				28EED8C92920E0F200B5A4BC /* ArticleDetailView.swift */,
				28EED8CB2920FB6500B5A4BC /* SavedArticlesView.swift */,
				28EED8CD2921072F00B5A4BC /* EmptyView.swift */,
				28EED8D2292123CF00B5A4BC /* SettingsView.swift */,
				28EED8D12921167100B5A4BC /* Cells */,
			);
			name = Views;
			sourceTree = "<group>";
		};
		28A29731291FA6680084B697 /* NYTTopStoriesTests */ = {
			isa = PBXGroup;
			children = (
				28A29732291FA6680084B697 /* NYTTopStoriesTests.swift */,
			);
			path = NYTTopStoriesTests;
			sourceTree = "<group>";
		};
		28EED8C12920C83700B5A4BC /* Network Services */ = {
			isa = PBXGroup;
			children = (
				28EED8BC291FD7D500B5A4BC /* NYTTopStoryClient.swift */,
			);
			path = "Network Services";
			sourceTree = "<group>";
		};
		28EED8C22920C8BF00B5A4BC /* Model */ = {
			isa = PBXGroup;
			children = (
				28EED8BA291FD21D00B5A4BC /* TopStory.swift */,
			);
			path = Model;
			sourceTree = "<group>";
		};
		28EED8D12921167100B5A4BC /* Cells */ = {
			isa = PBXGroup;
			children = (
				28EED8C52920D11A00B5A4BC /* NewsCell.swift */,
				28EED8CF29210EFE00B5A4BC /* SavedArticleCell.swift */,
			);
			name = Cells;
			sourceTree = "<group>";
		};
/* End PBXGroup section */

/* Begin PBXNativeTarget section */
		28A29707291F5E860084B697 /* NYTTopStories */ = {
			isa = PBXNativeTarget;
			buildConfigurationList = 28A2971C291F5E8C0084B697 /* Build configuration list for PBXNativeTarget "NYTTopStories" */;
			buildPhases = (
				28A29704291F5E860084B697 /* Sources */,
				28A29705291F5E860084B697 /* Frameworks */,
				28A29706291F5E860084B697 /* Resources */,
			);
			buildRules = (
			);
			dependencies = (
			);
			name = NYTTopStories;
			packageProductDependencies = (
				28EED8BF291FD87800B5A4BC /* ImageKit */,
			);
			productName = NYTTopStories;
			productReference = 28A29708291F5E860084B697 /* NYTTopStories.app */;
			productType = "com.apple.product-type.application";
		};
		28A2972F291FA6670084B697 /* NYTTopStoriesTests */ = {
			isa = PBXNativeTarget;
			buildConfigurationList = 28A29736291FA6680084B697 /* Build configuration list for PBXNativeTarget "NYTTopStoriesTests" */;
			buildPhases = (
				28A2972C291FA6670084B697 /* Sources */,
				28A2972D291FA6670084B697 /* Frameworks */,
				28A2972E291FA6670084B697 /* Resources */,
			);
			buildRules = (
			);
			dependencies = (
				28A29735291FA6680084B697 /* PBXTargetDependency */,
			);
			name = NYTTopStoriesTests;
			productName = NYTTopStoriesTests;
			productReference = 28A29730291FA6680084B697 /* NYTTopStoriesTests.xctest */;
			productType = "com.apple.product-type.bundle.unit-test";
		};
/* End PBXNativeTarget section */

/* Begin PBXProject section */
		28A29700291F5E860084B697 /* Project object */ = {
			isa = PBXProject;
			attributes = {
				BuildIndependentTargetsInParallel = 1;
				LastSwiftUpdateCheck = 1340;
				LastUpgradeCheck = 1340;
				TargetAttributes = {
					28A29707291F5E860084B697 = {
						CreatedOnToolsVersion = 13.4.1;
					};
					28A2972F291FA6670084B697 = {
						CreatedOnToolsVersion = 13.4.1;
						TestTargetID = 28A29707291F5E860084B697;
					};
				};
			};
			buildConfigurationList = 28A29703291F5E860084B697 /* Build configuration list for PBXProject "NYTTopStories" */;
			compatibilityVersion = "Xcode 13.0";
			developmentRegion = en;
			hasScannedForEncodings = 0;
			knownRegions = (
				en,
				Base,
			);
			mainGroup = 28A296FF291F5E860084B697;
			packageReferences = (
				28EED8BE291FD87800B5A4BC /* XCRemoteSwiftPackageReference "ImageKit" */,
			);
			productRefGroup = 28A29709291F5E860084B697 /* Products */;
			projectDirPath = "";
			projectRoot = "";
			targets = (
				28A29707291F5E860084B697 /* NYTTopStories */,
				28A2972F291FA6670084B697 /* NYTTopStoriesTests */,
			);
		};
/* End PBXProject section */

/* Begin PBXResourcesBuildPhase section */
		28A29706291F5E860084B697 /* Resources */ = {
			isa = PBXResourcesBuildPhase;
			buildActionMask = 2147483647;
			files = (
				28EED8D52921C4A300B5A4BC /* ZoomImage.storyboard in Resources */,
				28A29718291F5E8C0084B697 /* LaunchScreen.storyboard in Resources */,
				28A29715291F5E8C0084B697 /* Assets.xcassets in Resources */,
			);
			runOnlyForDeploymentPostprocessing = 0;
		};
		28A2972E291FA6670084B697 /* Resources */ = {
			isa = PBXResourcesBuildPhase;
			buildActionMask = 2147483647;
			files = (
			);
			runOnlyForDeploymentPostprocessing = 0;
		};
/* End PBXResourcesBuildPhase section */

/* Begin PBXSourcesBuildPhase section */
		28A29704291F5E860084B697 /* Sources */ = {
			isa = PBXSourcesBuildPhase;
			buildActionMask = 2147483647;
			files = (
				28A2970C291F5E860084B697 /* AppDelegate.swift in Sources */,
				28EED8CE2921073000B5A4BC /* EmptyView.swift in Sources */,
				28EED8CA2920E0F200B5A4BC /* ArticleDetailView.swift in Sources */,
				28A29726291F62C10084B697 /* SavedArticleViewController.swift in Sources */,
				28EED8C82920DD4C00B5A4BC /* ArticleDetailViewController.swift in Sources */,
				28EED8D3292123CF00B5A4BC /* SettingsView.swift in Sources */,
				28A29720291F5EEB0084B697 /* TopStoriesTabController.swift in Sources */,
				28EED8D72921C4C400B5A4BC /* ZoomImageViewController.swift in Sources */,
				28A2970E291F5E860084B697 /* SceneDelegate.swift in Sources */,
				28A2972B291F9F0B0084B697 /* NewsFeedView.swift in Sources */,
				28EED8D029210EFE00B5A4BC /* SavedArticleCell.swift in Sources */,
				28EED8BB291FD21D00B5A4BC /* TopStory.swift in Sources */,
				28A29724291F62A70084B697 /* NewsFeedViewController.swift in Sources */,
				28EED8CC2920FB6500B5A4BC /* SavedArticlesView.swift in Sources */,
				28EED8C42920CCCA00B5A4BC /* Config.swift in Sources */,
				28A29728291F62D70084B697 /* SettingsViewController.swift in Sources */,
				28EED8BD291FD7D500B5A4BC /* NYTTopStoryClient.swift in Sources */,
				28EED8C62920D11A00B5A4BC /* NewsCell.swift in Sources */,
			);
			runOnlyForDeploymentPostprocessing = 0;
		};
		28A2972C291FA6670084B697 /* Sources */ = {
			isa = PBXSourcesBuildPhase;
			buildActionMask = 2147483647;
			files = (
				28A29733291FA6680084B697 /* NYTTopStoriesTests.swift in Sources */,
			);
			runOnlyForDeploymentPostprocessing = 0;
		};
/* End PBXSourcesBuildPhase section */

/* Begin PBXTargetDependency section */
		28A29735291FA6680084B697 /* PBXTargetDependency */ = {
			isa = PBXTargetDependency;
			target = 28A29707291F5E860084B697 /* NYTTopStories */;
			targetProxy = 28A29734291FA6680084B697 /* PBXContainerItemProxy */;
		};
/* End PBXTargetDependency section */

/* Begin PBXVariantGroup section */
		28A29716291F5E8C0084B697 /* LaunchScreen.storyboard */ = {
			isa = PBXVariantGroup;
			children = (
				28A29717291F5E8C0084B697 /* Base */,
			);
			name = LaunchScreen.storyboard;
			sourceTree = "<group>";
		};
/* End PBXVariantGroup section */

/* Begin XCBuildConfiguration section */
		28A2971A291F5E8C0084B697 /* Debug */ = {
			isa = XCBuildConfiguration;
			buildSettings = {
				ALWAYS_SEARCH_USER_PATHS = NO;
				CLANG_ANALYZER_NONNULL = YES;
				CLANG_ANALYZER_NUMBER_OBJECT_CONVERSION = YES_AGGRESSIVE;
				CLANG_CXX_LANGUAGE_STANDARD = "gnu++17";
				CLANG_ENABLE_MODULES = YES;
				CLANG_ENABLE_OBJC_ARC = YES;
				CLANG_ENABLE_OBJC_WEAK = YES;
				CLANG_WARN_BLOCK_CAPTURE_AUTORELEASING = YES;
				CLANG_WARN_BOOL_CONVERSION = YES;
				CLANG_WARN_COMMA = YES;
				CLANG_WARN_CONSTANT_CONVERSION = YES;
				CLANG_WARN_DEPRECATED_OBJC_IMPLEMENTATIONS = YES;
				CLANG_WARN_DIRECT_OBJC_ISA_USAGE = YES_ERROR;
				CLANG_WARN_DOCUMENTATION_COMMENTS = YES;
				CLANG_WARN_EMPTY_BODY = YES;
				CLANG_WARN_ENUM_CONVERSION = YES;
				CLANG_WARN_INFINITE_RECURSION = YES;
				CLANG_WARN_INT_CONVERSION = YES;
				CLANG_WARN_NON_LITERAL_NULL_CONVERSION = YES;
				CLANG_WARN_OBJC_IMPLICIT_RETAIN_SELF = YES;
				CLANG_WARN_OBJC_LITERAL_CONVERSION = YES;
				CLANG_WARN_OBJC_ROOT_CLASS = YES_ERROR;
				CLANG_WARN_QUOTED_INCLUDE_IN_FRAMEWORK_HEADER = YES;
				CLANG_WARN_RANGE_LOOP_ANALYSIS = YES;
				CLANG_WARN_STRICT_PROTOTYPES = YES;
				CLANG_WARN_SUSPICIOUS_MOVE = YES;
				CLANG_WARN_UNGUARDED_AVAILABILITY = YES_AGGRESSIVE;
				CLANG_WARN_UNREACHABLE_CODE = YES;
				CLANG_WARN__DUPLICATE_METHOD_MATCH = YES;
				COPY_PHASE_STRIP = NO;
				DEBUG_INFORMATION_FORMAT = dwarf;
				ENABLE_STRICT_OBJC_MSGSEND = YES;
				ENABLE_TESTABILITY = YES;
				GCC_C_LANGUAGE_STANDARD = gnu11;
				GCC_DYNAMIC_NO_PIC = NO;
				GCC_NO_COMMON_BLOCKS = YES;
				GCC_OPTIMIZATION_LEVEL = 0;
				GCC_PREPROCESSOR_DEFINITIONS = (
					"DEBUG=1",
					"$(inherited)",
				);
				GCC_WARN_64_TO_32_BIT_CONVERSION = YES;
				GCC_WARN_ABOUT_RETURN_TYPE = YES_ERROR;
				GCC_WARN_UNDECLARED_SELECTOR = YES;
				GCC_WARN_UNINITIALIZED_AUTOS = YES_AGGRESSIVE;
				GCC_WARN_UNUSED_FUNCTION = YES;
				GCC_WARN_UNUSED_VARIABLE = YES;
				IPHONEOS_DEPLOYMENT_TARGET = 15.5;
				MTL_ENABLE_DEBUG_INFO = INCLUDE_SOURCE;
				MTL_FAST_MATH = YES;
				ONLY_ACTIVE_ARCH = YES;
				SDKROOT = iphoneos;
				SWIFT_ACTIVE_COMPILATION_CONDITIONS = DEBUG;
				SWIFT_OPTIMIZATION_LEVEL = "-Onone";
			};
			name = Debug;
		};
		28A2971B291F5E8C0084B697 /* Release */ = {
			isa = XCBuildConfiguration;
			buildSettings = {
				ALWAYS_SEARCH_USER_PATHS = NO;
				CLANG_ANALYZER_NONNULL = YES;
				CLANG_ANALYZER_NUMBER_OBJECT_CONVERSION = YES_AGGRESSIVE;
				CLANG_CXX_LANGUAGE_STANDARD = "gnu++17";
				CLANG_ENABLE_MODULES = YES;
				CLANG_ENABLE_OBJC_ARC = YES;
				CLANG_ENABLE_OBJC_WEAK = YES;
				CLANG_WARN_BLOCK_CAPTURE_AUTORELEASING = YES;
				CLANG_WARN_BOOL_CONVERSION = YES;
				CLANG_WARN_COMMA = YES;
				CLANG_WARN_CONSTANT_CONVERSION = YES;
				CLANG_WARN_DEPRECATED_OBJC_IMPLEMENTATIONS = YES;
				CLANG_WARN_DIRECT_OBJC_ISA_USAGE = YES_ERROR;
				CLANG_WARN_DOCUMENTATION_COMMENTS = YES;
				CLANG_WARN_EMPTY_BODY = YES;
				CLANG_WARN_ENUM_CONVERSION = YES;
				CLANG_WARN_INFINITE_RECURSION = YES;
				CLANG_WARN_INT_CONVERSION = YES;
				CLANG_WARN_NON_LITERAL_NULL_CONVERSION = YES;
				CLANG_WARN_OBJC_IMPLICIT_RETAIN_SELF = YES;
				CLANG_WARN_OBJC_LITERAL_CONVERSION = YES;
				CLANG_WARN_OBJC_ROOT_CLASS = YES_ERROR;
				CLANG_WARN_QUOTED_INCLUDE_IN_FRAMEWORK_HEADER = YES;
				CLANG_WARN_RANGE_LOOP_ANALYSIS = YES;
				CLANG_WARN_STRICT_PROTOTYPES = YES;
				CLANG_WARN_SUSPICIOUS_MOVE = YES;
				CLANG_WARN_UNGUARDED_AVAILABILITY = YES_AGGRESSIVE;
				CLANG_WARN_UNREACHABLE_CODE = YES;
				CLANG_WARN__DUPLICATE_METHOD_MATCH = YES;
				COPY_PHASE_STRIP = NO;
				DEBUG_INFORMATION_FORMAT = "dwarf-with-dsym";
				ENABLE_NS_ASSERTIONS = NO;
				ENABLE_STRICT_OBJC_MSGSEND = YES;
				GCC_C_LANGUAGE_STANDARD = gnu11;
				GCC_NO_COMMON_BLOCKS = YES;
				GCC_WARN_64_TO_32_BIT_CONVERSION = YES;
				GCC_WARN_ABOUT_RETURN_TYPE = YES_ERROR;
				GCC_WARN_UNDECLARED_SELECTOR = YES;
				GCC_WARN_UNINITIALIZED_AUTOS = YES_AGGRESSIVE;
				GCC_WARN_UNUSED_FUNCTION = YES;
				GCC_WARN_UNUSED_VARIABLE = YES;
				IPHONEOS_DEPLOYMENT_TARGET = 15.5;
				MTL_ENABLE_DEBUG_INFO = NO;
				MTL_FAST_MATH = YES;
				SDKROOT = iphoneos;
				SWIFT_COMPILATION_MODE = wholemodule;
				SWIFT_OPTIMIZATION_LEVEL = "-O";
				VALIDATE_PRODUCT = YES;
			};
			name = Release;
		};
		28A2971D291F5E8C0084B697 /* Debug */ = {
			isa = XCBuildConfiguration;
			buildSettings = {
				ASSETCATALOG_COMPILER_APPICON_NAME = AppIcon;
				ASSETCATALOG_COMPILER_GLOBAL_ACCENT_COLOR_NAME = AccentColor;
				CODE_SIGN_STYLE = Automatic;
				CURRENT_PROJECT_VERSION = 1;
				GENERATE_INFOPLIST_FILE = YES;
				INFOPLIST_FILE = NYTTopStories/Info.plist;
				INFOPLIST_KEY_UIApplicationSupportsIndirectInputEvents = YES;
				INFOPLIST_KEY_UILaunchStoryboardName = LaunchScreen;
				INFOPLIST_KEY_UISupportedInterfaceOrientations_iPad = "UIInterfaceOrientationPortrait UIInterfaceOrientationPortraitUpsideDown UIInterfaceOrientationLandscapeLeft UIInterfaceOrientationLandscapeRight";
				INFOPLIST_KEY_UISupportedInterfaceOrientations_iPhone = "UIInterfaceOrientationPortrait UIInterfaceOrientationLandscapeLeft UIInterfaceOrientationLandscapeRight";
				LD_RUNPATH_SEARCH_PATHS = (
					"$(inherited)",
					"@executable_path/Frameworks",
				);
				MARKETING_VERSION = 1.0;
				PRODUCT_BUNDLE_IDENTIFIER = com.Laxmikanth.NYTTopStories;
				PRODUCT_NAME = "$(TARGET_NAME)";
				SWIFT_EMIT_LOC_STRINGS = YES;
				SWIFT_VERSION = 5.0;
				TARGETED_DEVICE_FAMILY = "1,2";
			};
			name = Debug;
		};
		28A2971E291F5E8C0084B697 /* Release */ = {
			isa = XCBuildConfiguration;
			buildSettings = {
				ASSETCATALOG_COMPILER_APPICON_NAME = AppIcon;
				ASSETCATALOG_COMPILER_GLOBAL_ACCENT_COLOR_NAME = AccentColor;
				CODE_SIGN_STYLE = Automatic;
				CURRENT_PROJECT_VERSION = 1;
				GENERATE_INFOPLIST_FILE = YES;
				INFOPLIST_FILE = NYTTopStories/Info.plist;
				INFOPLIST_KEY_UIApplicationSupportsIndirectInputEvents = YES;
				INFOPLIST_KEY_UILaunchStoryboardName = LaunchScreen;
				INFOPLIST_KEY_UISupportedInterfaceOrientations_iPad = "UIInterfaceOrientationPortrait UIInterfaceOrientationPortraitUpsideDown UIInterfaceOrientationLandscapeLeft UIInterfaceOrientationLandscapeRight";
				INFOPLIST_KEY_UISupportedInterfaceOrientations_iPhone = "UIInterfaceOrientationPortrait UIInterfaceOrientationLandscapeLeft UIInterfaceOrientationLandscapeRight";
				LD_RUNPATH_SEARCH_PATHS = (
					"$(inherited)",
					"@executable_path/Frameworks",
				);
				MARKETING_VERSION = 1.0;
				PRODUCT_BUNDLE_IDENTIFIER = com.Laxmikanth.NYTTopStories;
				PRODUCT_NAME = "$(TARGET_NAME)";
				SWIFT_EMIT_LOC_STRINGS = YES;
				SWIFT_VERSION = 5.0;
				TARGETED_DEVICE_FAMILY = "1,2";
			};
			name = Release;
		};
		28A29737291FA6680084B697 /* Debug */ = {
			isa = XCBuildConfiguration;
			buildSettings = {
				BUNDLE_LOADER = "$(TEST_HOST)";
				CODE_SIGN_STYLE = Automatic;
				CURRENT_PROJECT_VERSION = 1;
				GENERATE_INFOPLIST_FILE = YES;
				MARKETING_VERSION = 1.0;
				PRODUCT_BUNDLE_IDENTIFIER = com.Laxmikanth.NYTTopStoriesTests;
				PRODUCT_NAME = "$(TARGET_NAME)";
				SWIFT_EMIT_LOC_STRINGS = NO;
				SWIFT_VERSION = 5.0;
				TARGETED_DEVICE_FAMILY = "1,2";
				TEST_HOST = "$(BUILT_PRODUCTS_DIR)/NYTTopStories.app/NYTTopStories";
			};
			name = Debug;
		};
		28A29738291FA6680084B697 /* Release */ = {
			isa = XCBuildConfiguration;
			buildSettings = {
				BUNDLE_LOADER = "$(TEST_HOST)";
				CODE_SIGN_STYLE = Automatic;
				CURRENT_PROJECT_VERSION = 1;
				GENERATE_INFOPLIST_FILE = YES;
				MARKETING_VERSION = 1.0;
				PRODUCT_BUNDLE_IDENTIFIER = com.Laxmikanth.NYTTopStoriesTests;
				PRODUCT_NAME = "$(TARGET_NAME)";
				SWIFT_EMIT_LOC_STRINGS = NO;
				SWIFT_VERSION = 5.0;
				TARGETED_DEVICE_FAMILY = "1,2";
				TEST_HOST = "$(BUILT_PRODUCTS_DIR)/NYTTopStories.app/NYTTopStories";
			};
			name = Release;
		};
/* End XCBuildConfiguration section */

/* Begin XCConfigurationList section */
		28A29703291F5E860084B697 /* Build configuration list for PBXProject "NYTTopStories" */ = {
			isa = XCConfigurationList;
			buildConfigurations = (
				28A2971A291F5E8C0084B697 /* Debug */,
				28A2971B291F5E8C0084B697 /* Release */,
			);
			defaultConfigurationIsVisible = 0;
			defaultConfigurationName = Release;
		};
		28A2971C291F5E8C0084B697 /* Build configuration list for PBXNativeTarget "NYTTopStories" */ = {
			isa = XCConfigurationList;
			buildConfigurations = (
				28A2971D291F5E8C0084B697 /* Debug */,
				28A2971E291F5E8C0084B697 /* Release */,
			);
			defaultConfigurationIsVisible = 0;
			defaultConfigurationName = Release;
		};
		28A29736291FA6680084B697 /* Build configuration list for PBXNativeTarget "NYTTopStoriesTests" */ = {
			isa = XCConfigurationList;
			buildConfigurations = (
				28A29737291FA6680084B697 /* Debug */,
				28A29738291FA6680084B697 /* Release */,
			);
			defaultConfigurationIsVisible = 0;
			defaultConfigurationName = Release;
		};
/* End XCConfigurationList section */

/* Begin XCRemoteSwiftPackageReference section */
		28EED8BE291FD87800B5A4BC /* XCRemoteSwiftPackageReference "ImageKit" */ = {
			isa = XCRemoteSwiftPackageReference;
			repositoryURL = "https://github.com/alexpaul/ImageKit";
			requirement = {
				kind = upToNextMajorVersion;
				minimumVersion = 1.0.4;
			};
		};
/* End XCRemoteSwiftPackageReference section */

/* Begin XCSwiftPackageProductDependency section */
		28EED8BF291FD87800B5A4BC /* ImageKit */ = {
			isa = XCSwiftPackageProductDependency;
			package = 28EED8BE291FD87800B5A4BC /* XCRemoteSwiftPackageReference "ImageKit" */;
			productName = ImageKit;
		};
/* End XCSwiftPackageProductDependency section */
	};
	rootObject = 28A29700291F5E860084B697 /* Project object */;
}
